
Microsoft Visual Studio Solution File, Format Version 12.00
# Visual Studio 14
VisualStudioVersion = 14.0.25123.0
MinimumVisualStudioVersion = 10.0.40219.1
Project("{FAE04EC0-301F-11D3-BF4B-00C04F79EFBC}") = "MvvmPhoneword", "MvvmPhoneword\MvvmPhoneword\MvvmPhoneword.csproj", "{6F8FF060-CAD1-41BB-8209-CE86B0FC8BDA}"
EndProject
Project("{FAE04EC0-301F-11D3-BF4B-00C04F79EFBC}") = "MvvmPhoneword.Droid", "MvvmPhoneword\MvvmPhoneword.Droid\MvvmPhoneword.Droid.csproj", "{276127F5-190F-4FFA-9CE6-7874CF18F859}"
EndProject
Project("{FAE04EC0-301F-11D3-BF4B-00C04F79EFBC}") = "MvvmPhoneword.iOS", "MvvmPhoneword\MvvmPhoneword.iOS\MvvmPhoneword.iOS.csproj", "{137955C7-9543-4D05-B532-A80137FDD4EA}"
EndProject
Project("{FAE04EC0-301F-11D3-BF4B-00C04F79EFBC}") = "MvvmPhoneword.UWP", "MvvmPhoneword\MvvmPhoneword.UWP\MvvmPhoneword.UWP.csproj", "{68BA58EA-09DD-4918-BDFD-4D97D7B5D2FA}"
EndProject
Global
	GlobalSection(SolutionConfigurationPlatforms) = preSolution
		Ad-Hoc|Any CPU = Ad-Hoc|Any CPU
		Ad-Hoc|ARM = Ad-Hoc|ARM
		Ad-Hoc|iPhone = Ad-Hoc|iPhone
		Ad-Hoc|iPhoneSimulator = Ad-Hoc|iPhoneSimulator
		Ad-Hoc|x64 = Ad-Hoc|x64
		Ad-Hoc|x86 = Ad-Hoc|x86
		AppStore|Any CPU = AppStore|Any CPU
		AppStore|ARM = AppStore|ARM
		AppStore|iPhone = AppStore|iPhone
		AppStore|iPhoneSimulator = AppStore|iPhoneSimulator
		AppStore|x64 = AppStore|x64
		AppStore|x86 = AppStore|x86
		Debug|Any CPU = Debug|Any CPU
		Debug|ARM = Debug|ARM
		Debug|iPhone = Debug|iPhone
		Debug|iPhoneSimulator = Debug|iPhoneSimulator
		Debug|x64 = Debug|x64
		Debug|x86 = Debug|x86
		Release|Any CPU = Release|Any CPU
		Release|ARM = Release|ARM
		Release|iPhone = Release|iPhone
		Release|iPhoneSimulator = Release|iPhoneSimulator
		Release|x64 = Release|x64
		Release|x86 = Release|x86
	EndGlobalSection
	GlobalSection(ProjectConfigurationPlatforms) = postSolution
		{6F8FF060-CAD1-41BB-8209-CE86B0FC8BDA}.Ad-Hoc|Any CPU.ActiveCfg = Release|Any CPU
		{6F8FF060-CAD1-41BB-8209-CE86B0FC8BDA}.Ad-Hoc|Any CPU.Build.0 = Release|Any CPU
		{6F8FF060-CAD1-41BB-8209-CE86B0FC8BDA}.Ad-Hoc|ARM.ActiveCfg = Release|Any CPU
		{6F8FF060-CAD1-41BB-8209-CE86B0FC8BDA}.Ad-Hoc|ARM.Build.0 = Release|Any CPU
		{6F8FF060-CAD1-41BB-8209-CE86B0FC8BDA}.Ad-Hoc|iPhone.ActiveCfg = Release|Any CPU
		{6F8FF060-CAD1-41BB-8209-CE86B0FC8BDA}.Ad-Hoc|iPhone.Build.0 = Release|Any CPU
		{6F8FF060-CAD1-41BB-8209-CE86B0FC8BDA}.Ad-Hoc|iPhoneSimulator.ActiveCfg = Release|Any CPU
		{6F8FF060-CAD1-41BB-8209-CE86B0FC8BDA}.Ad-Hoc|iPhoneSimulator.Build.0 = Release|Any CPU
		{6F8FF060-CAD1-41BB-8209-CE86B0FC8BDA}.Ad-Hoc|x64.ActiveCfg = Release|Any CPU
		{6F8FF060-CAD1-41BB-8209-CE86B0FC8BDA}.Ad-Hoc|x64.Build.0 = Release|Any CPU
		{6F8FF060-CAD1-41BB-8209-CE86B0FC8BDA}.Ad-Hoc|x86.ActiveCfg = Release|Any CPU
		{6F8FF060-CAD1-41BB-8209-CE86B0FC8BDA}.Ad-Hoc|x86.Build.0 = Release|Any CPU
		{6F8FF060-CAD1-41BB-8209-CE86B0FC8BDA}.AppStore|Any CPU.ActiveCfg = Release|Any CPU
		{6F8FF060-CAD1-41BB-8209-CE86B0FC8BDA}.AppStore|Any CPU.Build.0 = Release|Any CPU
		{6F8FF060-CAD1-41BB-8209-CE86B0FC8BDA}.AppStore|ARM.ActiveCfg = Release|Any CPU
		{6F8FF060-CAD1-41BB-8209-CE86B0FC8BDA}.AppStore|ARM.Build.0 = Release|Any CPU
		{6F8FF060-CAD1-41BB-8209-CE86B0FC8BDA}.AppStore|iPhone.ActiveCfg = Release|Any CPU
		{6F8FF060-CAD1-41BB-8209-CE86B0FC8BDA}.AppStore|iPhone.Build.0 = Release|Any CPU
		{6F8FF060-CAD1-41BB-8209-CE86B0FC8BDA}.AppStore|iPhoneSimulator.ActiveCfg = Release|Any CPU
		{6F8FF060-CAD1-41BB-8209-CE86B0FC8BDA}.AppStore|iPhoneSimulator.Build.0 = Release|Any CPU
		{6F8FF060-CAD1-41BB-8209-CE86B0FC8BDA}.AppStore|x64.ActiveCfg = Release|Any CPU
		{6F8FF060-CAD1-41BB-8209-CE86B0FC8BDA}.AppStore|x64.Build.0 = Release|Any CPU
		{6F8FF060-CAD1-41BB-8209-CE86B0FC8BDA}.AppStore|x86.ActiveCfg = Release|Any CPU
		{6F8FF060-CAD1-41BB-8209-CE86B0FC8BDA}.AppStore|x86.Build.0 = Release|Any CPU
		{6F8FF060-CAD1-41BB-8209-CE86B0FC8BDA}.Debug|Any CPU.ActiveCfg = Debug|Any CPU
		{6F8FF060-CAD1-41BB-8209-CE86B0FC8BDA}.Debug|Any CPU.Build.0 = Debug|Any CPU
		{6F8FF060-CAD1-41BB-8209-CE86B0FC8BDA}.Debug|ARM.ActiveCfg = Debug|Any CPU
		{6F8FF060-CAD1-41BB-8209-CE86B0FC8BDA}.Debug|ARM.Build.0 = Debug|Any CPU
		{6F8FF060-CAD1-41BB-8209-CE86B0FC8BDA}.Debug|iPhone.ActiveCfg = Debug|Any CPU
		{6F8FF060-CAD1-41BB-8209-CE86B0FC8BDA}.Debug|iPhone.Build.0 = Debug|Any CPU
		{6F8FF060-CAD1-41BB-8209-CE86B0FC8BDA}.Debug|iPhoneSimulator.ActiveCfg = Debug|Any CPU
		{6F8FF060-CAD1-41BB-8209-CE86B0FC8BDA}.Debug|iPhoneSimulator.Build.0 = Debug|Any CPU
		{6F8FF060-CAD1-41BB-8209-CE86B0FC8BDA}.Debug|x64.ActiveCfg = Debug|Any CPU
		{6F8FF060-CAD1-41BB-8209-CE86B0FC8BDA}.Debug|x64.Build.0 = Debug|Any CPU
		{6F8FF060-CAD1-41BB-8209-CE86B0FC8BDA}.Debug|x86.ActiveCfg = Debug|Any CPU
		{6F8FF060-CAD1-41BB-8209-CE86B0FC8BDA}.Debug|x86.Build.0 = Debug|Any CPU
		{6F8FF060-CAD1-41BB-8209-CE86B0FC8BDA}.Release|Any CPU.ActiveCfg = Release|Any CPU
		{6F8FF060-CAD1-41BB-8209-CE86B0FC8BDA}.Release|Any CPU.Build.0 = Release|Any CPU
		{6F8FF060-CAD1-41BB-8209-CE86B0FC8BDA}.Release|ARM.ActiveCfg = Release|Any CPU
		{6F8FF060-CAD1-41BB-8209-CE86B0FC8BDA}.Release|ARM.Build.0 = Release|Any CPU
		{6F8FF060-CAD1-41BB-8209-CE86B0FC8BDA}.Release|iPhone.ActiveCfg = Release|Any CPU
		{6F8FF060-CAD1-41BB-8209-CE86B0FC8BDA}.Release|iPhone.Build.0 = Release|Any CPU
		{6F8FF060-CAD1-41BB-8209-CE86B0FC8BDA}.Release|iPhoneSimulator.ActiveCfg = Release|Any CPU
		{6F8FF060-CAD1-41BB-8209-CE86B0FC8BDA}.Release|iPhoneSimulator.Build.0 = Release|Any CPU
		{6F8FF060-CAD1-41BB-8209-CE86B0FC8BDA}.Release|x64.ActiveCfg = Release|Any CPU
		{6F8FF060-CAD1-41BB-8209-CE86B0FC8BDA}.Release|x64.Build.0 = Release|Any CPU
		{6F8FF060-CAD1-41BB-8209-CE86B0FC8BDA}.Release|x86.ActiveCfg = Release|Any CPU
		{6F8FF060-CAD1-41BB-8209-CE86B0FC8BDA}.Release|x86.Build.0 = Release|Any CPU
		{276127F5-190F-4FFA-9CE6-7874CF18F859}.Ad-Hoc|Any CPU.ActiveCfg = Release|Any CPU
		{276127F5-190F-4FFA-9CE6-7874CF18F859}.Ad-Hoc|Any CPU.Build.0 = Release|Any CPU
		{276127F5-190F-4FFA-9CE6-7874CF18F859}.Ad-Hoc|Any CPU.Deploy.0 = Release|Any CPU
		{276127F5-190F-4FFA-9CE6-7874CF18F859}.Ad-Hoc|ARM.ActiveCfg = Release|Any CPU
		{276127F5-190F-4FFA-9CE6-7874CF18F859}.Ad-Hoc|ARM.Build.0 = Release|Any CPU
		{276127F5-190F-4FFA-9CE6-7874CF18F859}.Ad-Hoc|ARM.Deploy.0 = Release|Any CPU
		{276127F5-190F-4FFA-9CE6-7874CF18F859}.Ad-Hoc|iPhone.ActiveCfg = Release|Any CPU
		{276127F5-190F-4FFA-9CE6-7874CF18F859}.Ad-Hoc|iPhone.Build.0 = Release|Any CPU
		{276127F5-190F-4FFA-9CE6-7874CF18F859}.Ad-Hoc|iPhone.Deploy.0 = Release|Any CPU
		{276127F5-190F-4FFA-9CE6-7874CF18F859}.Ad-Hoc|iPhoneSimulator.ActiveCfg = Release|Any CPU
		{276127F5-190F-4FFA-9CE6-7874CF18F859}.Ad-Hoc|iPhoneSimulator.Build.0 = Release|Any CPU
		{276127F5-190F-4FFA-9CE6-7874CF18F859}.Ad-Hoc|iPhoneSimulator.Deploy.0 = Release|Any CPU
		{276127F5-190F-4FFA-9CE6-7874CF18F859}.Ad-Hoc|x64.ActiveCfg = Release|Any CPU
		{276127F5-190F-4FFA-9CE6-7874CF18F859}.Ad-Hoc|x64.Build.0 = Release|Any CPU
		{276127F5-190F-4FFA-9CE6-7874CF18F859}.Ad-Hoc|x64.Deploy.0 = Release|Any CPU
		{276127F5-190F-4FFA-9CE6-7874CF18F859}.Ad-Hoc|x86.ActiveCfg = Release|Any CPU
		{276127F5-190F-4FFA-9CE6-7874CF18F859}.Ad-Hoc|x86.Build.0 = Release|Any CPU
		{276127F5-190F-4FFA-9CE6-7874CF18F859}.Ad-Hoc|x86.Deploy.0 = Release|Any CPU
		{276127F5-190F-4FFA-9CE6-7874CF18F859}.AppStore|Any CPU.ActiveCfg = Release|Any CPU
		{276127F5-190F-4FFA-9CE6-7874CF18F859}.AppStore|Any CPU.Build.0 = Release|Any CPU
		{276127F5-190F-4FFA-9CE6-7874CF18F859}.AppStore|Any CPU.Deploy.0 = Release|Any CPU
		{276127F5-190F-4FFA-9CE6-7874CF18F859}.AppStore|ARM.ActiveCfg = Release|Any CPU
		{276127F5-190F-4FFA-9CE6-7874CF18F859}.AppStore|ARM.Build.0 = Release|Any CPU
		{276127F5-190F-4FFA-9CE6-7874CF18F859}.AppStore|ARM.Deploy.0 = Release|Any CPU
		{276127F5-190F-4FFA-9CE6-7874CF18F859}.AppStore|iPhone.ActiveCfg = Release|Any CPU
		{276127F5-190F-4FFA-9CE6-7874CF18F859}.AppStore|iPhone.Build.0 = Release|Any CPU
		{276127F5-190F-4FFA-9CE6-7874CF18F859}.AppStore|iPhone.Deploy.0 = Release|Any CPU
		{276127F5-190F-4FFA-9CE6-7874CF18F859}.AppStore|iPhoneSimulator.ActiveCfg = Release|Any CPU
		{276127F5-190F-4FFA-9CE6-7874CF18F859}.AppStore|iPhoneSimulator.Build.0 = Release|Any CPU
		{276127F5-190F-4FFA-9CE6-7874CF18F859}.AppStore|iPhoneSimulator.Deploy.0 = Release|Any CPU
		{276127F5-190F-4FFA-9CE6-7874CF18F859}.AppStore|x64.ActiveCfg = Release|Any CPU
		{276127F5-190F-4FFA-9CE6-7874CF18F859}.AppStore|x64.Build.0 = Release|Any CPU
		{276127F5-190F-4FFA-9CE6-7874CF18F859}.AppStore|x64.Deploy.0 = Release|Any CPU
		{276127F5-190F-4FFA-9CE6-7874CF18F859}.AppStore|x86.ActiveCfg = Release|Any CPU
		{276127F5-190F-4FFA-9CE6-7874CF18F859}.AppStore|x86.Build.0 = Release|Any CPU
		{276127F5-190F-4FFA-9CE6-7874CF18F859}.AppStore|x86.Deploy.0 = Release|Any CPU
		{276127F5-190F-4FFA-9CE6-7874CF18F859}.Debug|Any CPU.ActiveCfg = Debug|Any CPU
		{276127F5-190F-4FFA-9CE6-7874CF18F859}.Debug|Any CPU.Build.0 = Debug|Any CPU
		{276127F5-190F-4FFA-9CE6-7874CF18F859}.Debug|Any CPU.Deploy.0 = Debug|Any CPU
		{276127F5-190F-4FFA-9CE6-7874CF18F859}.Debug|ARM.ActiveCfg = Debug|Any CPU
		{276127F5-190F-4FFA-9CE6-7874CF18F859}.Debug|ARM.Build.0 = Debug|Any CPU
		{276127F5-190F-4FFA-9CE6-7874CF18F859}.Debug|ARM.Deploy.0 = Debug|Any CPU
		{276127F5-190F-4FFA-9CE6-7874CF18F859}.Debug|iPhone.ActiveCfg = Debug|Any CPU
		{276127F5-190F-4FFA-9CE6-7874CF18F859}.Debug|iPhone.Build.0 = Debug|Any CPU
		{276127F5-190F-4FFA-9CE6-7874CF18F859}.Debug|iPhone.Deploy.0 = Debug|Any CPU
		{276127F5-190F-4FFA-9CE6-7874CF18F859}.Debug|iPhoneSimulator.ActiveCfg = Debug|Any CPU
		{276127F5-190F-4FFA-9CE6-7874CF18F859}.Debug|iPhoneSimulator.Build.0 = Debug|Any CPU
		{276127F5-190F-4FFA-9CE6-7874CF18F859}.Debug|iPhoneSimulator.Deploy.0 = Debug|Any CPU
		{276127F5-190F-4FFA-9CE6-7874CF18F859}.Debug|x64.ActiveCfg = Debug|Any CPU
		{276127F5-190F-4FFA-9CE6-7874CF18F859}.Debug|x64.Build.0 = Debug|Any CPU
		{276127F5-190F-4FFA-9CE6-7874CF18F859}.Debug|x64.Deploy.0 = Debug|Any CPU
		{276127F5-190F-4FFA-9CE6-7874CF18F859}.Debug|x86.ActiveCfg = Debug|Any CPU
		{276127F5-190F-4FFA-9CE6-7874CF18F859}.Debug|x86.Build.0 = Debug|Any CPU
		{276127F5-190F-4FFA-9CE6-7874CF18F859}.Debug|x86.Deploy.0 = Debug|Any CPU
		{276127F5-190F-4FFA-9CE6-7874CF18F859}.Release|Any CPU.ActiveCfg = Release|Any CPU
		{276127F5-190F-4FFA-9CE6-7874CF18F859}.Release|Any CPU.Build.0 = Release|Any CPU
		{276127F5-190F-4FFA-9CE6-7874CF18F859}.Release|Any CPU.Deploy.0 = Release|Any CPU
		{276127F5-190F-4FFA-9CE6-7874CF18F859}.Release|ARM.ActiveCfg = Release|Any CPU
		{276127F5-190F-4FFA-9CE6-7874CF18F859}.Release|ARM.Build.0 = Release|Any CPU
		{276127F5-190F-4FFA-9CE6-7874CF18F859}.Release|ARM.Deploy.0 = Release|Any CPU
		{276127F5-190F-4FFA-9CE6-7874CF18F859}.Release|iPhone.ActiveCfg = Release|Any CPU
		{276127F5-190F-4FFA-9CE6-7874CF18F859}.Release|iPhone.Build.0 = Release|Any CPU
		{276127F5-190F-4FFA-9CE6-7874CF18F859}.Release|iPhone.Deploy.0 = Release|Any CPU
		{276127F5-190F-4FFA-9CE6-7874CF18F859}.Release|iPhoneSimulator.ActiveCfg = Release|Any CPU
		{276127F5-190F-4FFA-9CE6-7874CF18F859}.Release|iPhoneSimulator.Build.0 = Release|Any CPU
		{276127F5-190F-4FFA-9CE6-7874CF18F859}.Release|iPhoneSimulator.Deploy.0 = Release|Any CPU
		{276127F5-190F-4FFA-9CE6-7874CF18F859}.Release|x64.ActiveCfg = Release|Any CPU
		{276127F5-190F-4FFA-9CE6-7874CF18F859}.Release|x64.Build.0 = Release|Any CPU
		{276127F5-190F-4FFA-9CE6-7874CF18F859}.Release|x64.Deploy.0 = Release|Any CPU
		{276127F5-190F-4FFA-9CE6-7874CF18F859}.Release|x86.ActiveCfg = Release|Any CPU
		{276127F5-190F-4FFA-9CE6-7874CF18F859}.Release|x86.Build.0 = Release|Any CPU
		{276127F5-190F-4FFA-9CE6-7874CF18F859}.Release|x86.Deploy.0 = Release|Any CPU
		{137955C7-9543-4D05-B532-A80137FDD4EA}.Ad-Hoc|Any CPU.ActiveCfg = Ad-Hoc|iPhone
		{137955C7-9543-4D05-B532-A80137FDD4EA}.Ad-Hoc|ARM.ActiveCfg = Ad-Hoc|iPhone
		{137955C7-9543-4D05-B532-A80137FDD4EA}.Ad-Hoc|iPhone.ActiveCfg = Ad-Hoc|iPhone
		{137955C7-9543-4D05-B532-A80137FDD4EA}.Ad-Hoc|iPhone.Build.0 = Ad-Hoc|iPhone
		{137955C7-9543-4D05-B532-A80137FDD4EA}.Ad-Hoc|iPhoneSimulator.ActiveCfg = Ad-Hoc|iPhoneSimulator
		{137955C7-9543-4D05-B532-A80137FDD4EA}.Ad-Hoc|iPhoneSimulator.Build.0 = Ad-Hoc|iPhoneSimulator
		{137955C7-9543-4D05-B532-A80137FDD4EA}.Ad-Hoc|x64.ActiveCfg = Ad-Hoc|iPhone
		{137955C7-9543-4D05-B532-A80137FDD4EA}.Ad-Hoc|x86.ActiveCfg = Ad-Hoc|iPhone
		{137955C7-9543-4D05-B532-A80137FDD4EA}.AppStore|Any CPU.ActiveCfg = AppStore|iPhone
		{137955C7-9543-4D05-B532-A80137FDD4EA}.AppStore|ARM.ActiveCfg = AppStore|iPhone
		{137955C7-9543-4D05-B532-A80137FDD4EA}.AppStore|iPhone.ActiveCfg = AppStore|iPhone
		{137955C7-9543-4D05-B532-A80137FDD4EA}.AppStore|iPhone.Build.0 = AppStore|iPhone
		{137955C7-9543-4D05-B532-A80137FDD4EA}.AppStore|iPhoneSimulator.ActiveCfg = AppStore|iPhoneSimulator
		{137955C7-9543-4D05-B532-A80137FDD4EA}.AppStore|iPhoneSimulator.Build.0 = AppStore|iPhoneSimulator
		{137955C7-9543-4D05-B532-A80137FDD4EA}.AppStore|x64.ActiveCfg = AppStore|iPhone
		{137955C7-9543-4D05-B532-A80137FDD4EA}.AppStore|x86.ActiveCfg = AppStore|iPhone
		{137955C7-9543-4D05-B532-A80137FDD4EA}.Debug|Any CPU.ActiveCfg = Debug|iPhone
		{137955C7-9543-4D05-B532-A80137FDD4EA}.Debug|ARM.ActiveCfg = Debug|iPhone
		{137955C7-9543-4D05-B532-A80137FDD4EA}.Debug|iPhone.ActiveCfg = Debug|iPhone
		{137955C7-9543-4D05-B532-A80137FDD4EA}.Debug|iPhone.Build.0 = Debug|iPhone
		{137955C7-9543-4D05-B532-A80137FDD4EA}.Debug|iPhoneSimulator.ActiveCfg = Debug|iPhoneSimulator
		{137955C7-9543-4D05-B532-A80137FDD4EA}.Debug|iPhoneSimulator.Build.0 = Debug|iPhoneSimulator
		{137955C7-9543-4D05-B532-A80137FDD4EA}.Debug|x64.ActiveCfg = Debug|iPhone
		{137955C7-9543-4D05-B532-A80137FDD4EA}.Debug|x86.ActiveCfg = Debug|iPhone
		{137955C7-9543-4D05-B532-A80137FDD4EA}.Release|Any CPU.ActiveCfg = Release|iPhone
		{137955C7-9543-4D05-B532-A80137FDD4EA}.Release|ARM.ActiveCfg = Release|iPhone
		{137955C7-9543-4D05-B532-A80137FDD4EA}.Release|iPhone.ActiveCfg = Release|iPhone
		{137955C7-9543-4D05-B532-A80137FDD4EA}.Release|iPhone.Build.0 = Release|iPhone
		{137955C7-9543-4D05-B532-A80137FDD4EA}.Release|iPhoneSimulator.ActiveCfg = Release|iPhoneSimulator
		{137955C7-9543-4D05-B532-A80137FDD4EA}.Release|iPhoneSimulator.Build.0 = Release|iPhoneSimulator
		{137955C7-9543-4D05-B532-A80137FDD4EA}.Release|x64.ActiveCfg = Release|iPhone
		{137955C7-9543-4D05-B532-A80137FDD4EA}.Release|x86.ActiveCfg = Release|iPhone
		{68BA58EA-09DD-4918-BDFD-4D97D7B5D2FA}.Ad-Hoc|Any CPU.ActiveCfg = Release|x86
		{68BA58EA-09DD-4918-BDFD-4D97D7B5D2FA}.Ad-Hoc|Any CPU.Build.0 = Release|x86
		{68BA58EA-09DD-4918-BDFD-4D97D7B5D2FA}.Ad-Hoc|Any CPU.Deploy.0 = Release|x86
		{68BA58EA-09DD-4918-BDFD-4D97D7B5D2FA}.Ad-Hoc|ARM.ActiveCfg = Release|ARM
		{68BA58EA-09DD-4918-BDFD-4D97D7B5D2FA}.Ad-Hoc|ARM.Build.0 = Release|ARM
		{68BA58EA-09DD-4918-BDFD-4D97D7B5D2FA}.Ad-Hoc|ARM.Deploy.0 = Release|ARM
		{68BA58EA-09DD-4918-BDFD-4D97D7B5D2FA}.Ad-Hoc|iPhone.ActiveCfg = Release|x86
		{68BA58EA-09DD-4918-BDFD-4D97D7B5D2FA}.Ad-Hoc|iPhone.Build.0 = Release|x86
		{68BA58EA-09DD-4918-BDFD-4D97D7B5D2FA}.Ad-Hoc|iPhone.Deploy.0 = Release|x86
		{68BA58EA-09DD-4918-BDFD-4D97D7B5D2FA}.Ad-Hoc|iPhoneSimulator.ActiveCfg = Release|x86
		{68BA58EA-09DD-4918-BDFD-4D97D7B5D2FA}.Ad-Hoc|iPhoneSimulator.Build.0 = Release|x86
		{68BA58EA-09DD-4918-BDFD-4D97D7B5D2FA}.Ad-Hoc|iPhoneSimulator.Deploy.0 = Release|x86
		{68BA58EA-09DD-4918-BDFD-4D97D7B5D2FA}.Ad-Hoc|x64.ActiveCfg = Release|x64
		{68BA58EA-09DD-4918-BDFD-4D97D7B5D2FA}.Ad-Hoc|x64.Build.0 = Release|x64
		{68BA58EA-09DD-4918-BDFD-4D97D7B5D2FA}.Ad-Hoc|x64.Deploy.0 = Release|x64
		{68BA58EA-09DD-4918-BDFD-4D97D7B5D2FA}.Ad-Hoc|x86.ActiveCfg = Release|x86
		{68BA58EA-09DD-4918-BDFD-4D97D7B5D2FA}.Ad-Hoc|x86.Build.0 = Release|x86
		{68BA58EA-09DD-4918-BDFD-4D97D7B5D2FA}.Ad-Hoc|x86.Deploy.0 = Release|x86
		{68BA58EA-09DD-4918-BDFD-4D97D7B5D2FA}.AppStore|Any CPU.ActiveCfg = Release|x86
		{68BA58EA-09DD-4918-BDFD-4D97D7B5D2FA}.AppStore|Any CPU.Build.0 = Release|x86
		{68BA58EA-09DD-4918-BDFD-4D97D7B5D2FA}.AppStore|Any CPU.Deploy.0 = Release|x86
		{68BA58EA-09DD-4918-BDFD-4D97D7B5D2FA}.AppStore|ARM.ActiveCfg = Release|ARM
		{68BA58EA-09DD-4918-BDFD-4D97D7B5D2FA}.AppStore|ARM.Build.0 = Release|ARM
		{68BA58EA-09DD-4918-BDFD-4D97D7B5D2FA}.AppStore|ARM.Deploy.0 = Release|ARM
		{68BA58EA-09DD-4918-BDFD-4D97D7B5D2FA}.AppStore|iPhone.ActiveCfg = Release|x86
		{68BA58EA-09DD-4918-BDFD-4D97D7B5D2FA}.AppStore|iPhone.Build.0 = Release|x86
		{68BA58EA-09DD-4918-BDFD-4D97D7B5D2FA}.AppStore|iPhone.Deploy.0 = Release|x86
		{68BA58EA-09DD-4918-BDFD-4D97D7B5D2FA}.AppStore|iPhoneSimulator.ActiveCfg = Release|x86
		{68BA58EA-09DD-4918-BDFD-4D97D7B5D2FA}.AppStore|iPhoneSimulator.Build.0 = Release|x86
		{68BA58EA-09DD-4918-BDFD-4D97D7B5D2FA}.AppStore|iPhoneSimulator.Deploy.0 = Release|x86
		{68BA58EA-09DD-4918-BDFD-4D97D7B5D2FA}.AppStore|x64.ActiveCfg = Release|x64
		{68BA58EA-09DD-4918-BDFD-4D97D7B5D2FA}.AppStore|x64.Build.0 = Release|x64
		{68BA58EA-09DD-4918-BDFD-4D97D7B5D2FA}.AppStore|x64.Deploy.0 = Release|x64
		{68BA58EA-09DD-4918-BDFD-4D97D7B5D2FA}.AppStore|x86.ActiveCfg = Release|x86
		{68BA58EA-09DD-4918-BDFD-4D97D7B5D2FA}.AppStore|x86.Build.0 = Release|x86
		{68BA58EA-09DD-4918-BDFD-4D97D7B5D2FA}.AppStore|x86.Deploy.0 = Release|x86
		{68BA58EA-09DD-4918-BDFD-4D97D7B5D2FA}.Debug|Any CPU.ActiveCfg = Debug|x86
		{68BA58EA-09DD-4918-BDFD-4D97D7B5D2FA}.Debug|ARM.ActiveCfg = Debug|ARM
		{68BA58EA-09DD-4918-BDFD-4D97D7B5D2FA}.Debug|ARM.Build.0 = Debug|ARM
		{68BA58EA-09DD-4918-BDFD-4D97D7B5D2FA}.Debug|ARM.Deploy.0 = Debug|ARM
		{68BA58EA-09DD-4918-BDFD-4D97D7B5D2FA}.Debug|iPhone.ActiveCfg = Debug|x86
		{68BA58EA-09DD-4918-BDFD-4D97D7B5D2FA}.Debug|iPhoneSimulator.ActiveCfg = Debug|x86
		{68BA58EA-09DD-4918-BDFD-4D97D7B5D2FA}.Debug|x64.ActiveCfg = Debug|x64
		{68BA58EA-09DD-4918-BDFD-4D97D7B5D2FA}.Debug|x64.Build.0 = Debug|x64
		{68BA58EA-09DD-4918-BDFD-4D97D7B5D2FA}.Debug|x64.Deploy.0 = Debug|x64
		{68BA58EA-09DD-4918-BDFD-4D97D7B5D2FA}.Debug|x86.ActiveCfg = Debug|x86
		{68BA58EA-09DD-4918-BDFD-4D97D7B5D2FA}.Debug|x86.Build.0 = Debug|x86
		{68BA58EA-09DD-4918-BDFD-4D97D7B5D2FA}.Debug|x86.Deploy.0 = Debug|x86
		{68BA58EA-09DD-4918-BDFD-4D97D7B5D2FA}.Release|Any CPU.ActiveCfg = Release|x86
		{68BA58EA-09DD-4918-BDFD-4D97D7B5D2FA}.Release|ARM.ActiveCfg = Release|ARM
		{68BA58EA-09DD-4918-BDFD-4D97D7B5D2FA}.Release|ARM.Build.0 = Release|ARM
		{68BA58EA-09DD-4918-BDFD-4D97D7B5D2FA}.Release|ARM.Deploy.0 = Release|ARM
		{68BA58EA-09DD-4918-BDFD-4D97D7B5D2FA}.Release|iPhone.ActiveCfg = Release|x86
		{68BA58EA-09DD-4918-BDFD-4D97D7B5D2FA}.Release|iPhoneSimulator.ActiveCfg = Release|x86
		{68BA58EA-09DD-4918-BDFD-4D97D7B5D2FA}.Release|x64.ActiveCfg = Release|x64
		{68BA58EA-09DD-4918-BDFD-4D97D7B5D2FA}.Release|x64.Build.0 = Release|x64
		{68BA58EA-09DD-4918-BDFD-4D97D7B5D2FA}.Release|x64.Deploy.0 = Release|x64
		{68BA58EA-09DD-4918-BDFD-4D97D7B5D2FA}.Release|x86.ActiveCfg = Release|x86
		{68BA58EA-09DD-4918-BDFD-4D97D7B5D2FA}.Release|x86.Build.0 = Release|x86
		{68BA58EA-09DD-4918-BDFD-4D97D7B5D2FA}.Release|x86.Deploy.0 = Release|x86
	EndGlobalSection
	GlobalSection(SolutionProperties) = preSolution
		HideSolutionNode = FALSE
	EndGlobalSection
EndGlobal
